# THIS IS AN AUTOGENERATED FILE. DO NOT EDIT THIS FILE DIRECTLY.
# yarn lockfile v1


"@bazel/bazelisk@latest":
  version "1.5.0"
  resolved "https://registry.yarnpkg.com/@bazel/bazelisk/-/bazelisk-1.5.0.tgz#61f583ed93be138b47be7180403938ea4057f54b"
  integrity sha512-qhOGN1WmfZYNJXGrRL/0byii9hX5FBomMv3WWI2OEL2+Bxm4t/bR3zMxN3xwQX1C8meSSrAfKGSzxVOZfpJsOg==

"@bazel/buildifier@latest":
  version "3.4.0"
  resolved "https://registry.yarnpkg.com/@bazel/buildifier/-/buildifier-3.4.0.tgz#44ce98b33bf8057f5398a78f7d1c564760b43f6c"
  integrity sha512-TdugkgxAIxSyXSBZcLlntQKJ/rGV3LSMjlYuvRr3YtQBn/2sIfpHX0dcNZ7zdCPkev9cK0kpEs42MkmKHY9peQ==

"@bazel/ibazel@latest":
  version "0.13.1"
  resolved "https://registry.yarnpkg.com/@bazel/ibazel/-/ibazel-0.13.1.tgz#23788f67a6fbe83d96f2d055691df4917c10ac8d"
  integrity sha512-FO1hBKpzpeBL0adnFYF2Dwl/7gox6ccKM6bb+x26AXrQpLbinXPuTi4zeXRL/MW4383mF6i4RovLCmwUU/YW0w==
